
Microsoft Visual Studio Solution File, Format Version 12.00
# Visual Studio Version 17
VisualStudioVersion = 17.6.33815.320
MinimumVisualStudioVersion = 10.0.40219.1
Project("{9A19103F-16F7-4668-BE54-9A1E7A4F7556}") = "BulkyBookWeb", "BulkyWeb\BulkyBookWeb.csproj", "{F8ADD3BE-12F2-4624-9B60-B459AD48C487}"
EndProject
Project("{9A19103F-16F7-4668-BE54-9A1E7A4F7556}") = "BulkyBook.DataAccess", "Bulky.DataAccess\BulkyBook.DataAccess.csproj", "{7FC6A1CA-207B-4157-B9B0-52E78DBE6C86}"
EndProject
Project("{9A19103F-16F7-4668-BE54-9A1E7A4F7556}") = "BulkyBook.Models", "Bulky.Models\BulkyBook.Models.csproj", "{DA567DF8-0436-429D-B9F2-F51F5FDC39A8}"
EndProject
Project("{9A19103F-16F7-4668-BE54-9A1E7A4F7556}") = "BulkyBook.Utility", "Bulky.Utility\BulkyBook.Utility.csproj", "{17301979-5828-49DC-8DDE-C00E62B5AEA9}"
EndProject
Global
	GlobalSection(SolutionConfigurationPlatforms) = preSolution
		Debug|Any CPU = Debug|Any CPU
		Release|Any CPU = Release|Any CPU
	EndGlobalSection
	GlobalSection(ProjectConfigurationPlatforms) = postSolution
		{F8ADD3BE-12F2-4624-9B60-B459AD48C487}.Debug|Any CPU.ActiveCfg = Debug|Any CPU
		{F8ADD3BE-12F2-4624-9B60-B459AD48C487}.Debug|Any CPU.Build.0 = Debug|Any CPU
		{F8ADD3BE-12F2-4624-9B60-B459AD48C487}.Release|Any CPU.ActiveCfg = Release|Any CPU
		{F8ADD3BE-12F2-4624-9B60-B459AD48C487}.Release|Any CPU.Build.0 = Release|Any CPU
		{7FC6A1CA-207B-4157-B9B0-52E78DBE6C86}.Debug|Any CPU.ActiveCfg = Debug|Any CPU
		{7FC6A1CA-207B-4157-B9B0-52E78DBE6C86}.Debug|Any CPU.Build.0 = Debug|Any CPU
		{7FC6A1CA-207B-4157-B9B0-52E78DBE6C86}.Release|Any CPU.ActiveCfg = Release|Any CPU
		{7FC6A1CA-207B-4157-B9B0-52E78DBE6C86}.Release|Any CPU.Build.0 = Release|Any CPU
		{DA567DF8-0436-429D-B9F2-F51F5FDC39A8}.Debug|Any CPU.ActiveCfg = Debug|Any CPU
		{DA567DF8-0436-429D-B9F2-F51F5FDC39A8}.Debug|Any CPU.Build.0 = Debug|Any CPU
		{DA567DF8-0436-429D-B9F2-F51F5FDC39A8}.Release|Any CPU.ActiveCfg = Release|Any CPU
		{DA567DF8-0436-429D-B9F2-F51F5FDC39A8}.Release|Any CPU.Build.0 = Release|Any CPU
		{17301979-5828-49DC-8DDE-C00E62B5AEA9}.Debug|Any CPU.ActiveCfg = Debug|Any CPU
		{17301979-5828-49DC-8DDE-C00E62B5AEA9}.Debug|Any CPU.Build.0 = Debug|Any CPU
		{17301979-5828-49DC-8DDE-C00E62B5AEA9}.Release|Any CPU.ActiveCfg = Release|Any CPU
		{17301979-5828-49DC-8DDE-C00E62B5AEA9}.Release|Any CPU.Build.0 = Release|Any CPU
	EndGlobalSection
	GlobalSection(SolutionProperties) = preSolution
		HideSolutionNode = FALSE
	EndGlobalSection
	GlobalSection(ExtensibilityGlobals) = postSolution
		SolutionGuid = {41FC6CC9-B89F-4CAE-ADA1-B6C156495346}
	EndGlobalSection
EndGlobal
