
Microsoft Visual Studio Solution File, Format Version 12.00
# Visual Studio Version 17
VisualStudioVersion = 17.4.33110.190
MinimumVisualStudioVersion = 10.0.40219.1
Project("{FAE04EC0-301F-11D3-BF4B-00C04F79EFBC}") = "BulkyBookWeb", "BulkyBookWeb\BulkyBookWeb.csproj", "{DEE0432E-2EE8-4F9B-9DCD-5C7320D5715D}"
EndProject
Global
	GlobalSection(SolutionConfigurationPlatforms) = preSolution
		Debug|Any CPU = Debug|Any CPU
		Release|Any CPU = Release|Any CPU
	EndGlobalSection
	GlobalSection(ProjectConfigurationPlatforms) = postSolution
		{DEE0432E-2EE8-4F9B-9DCD-5C7320D5715D}.Debug|Any CPU.ActiveCfg = Debug|Any CPU
		{DEE0432E-2EE8-4F9B-9DCD-5C7320D5715D}.Debug|Any CPU.Build.0 = Debug|Any CPU
		{DEE0432E-2EE8-4F9B-9DCD-5C7320D5715D}.Release|Any CPU.ActiveCfg = Release|Any CPU
		{DEE0432E-2EE8-4F9B-9DCD-5C7320D5715D}.Release|Any CPU.Build.0 = Release|Any CPU
	EndGlobalSection
	GlobalSection(SolutionProperties) = preSolution
		HideSolutionNode = FALSE
	EndGlobalSection
	GlobalSection(ExtensibilityGlobals) = postSolution
		SolutionGuid = {BA2F7583-7625-4739-A62F-BC8FFF1E0FC9}
	EndGlobalSection
EndGlobal
